
Microsoft Visual Studio Solution File, Format Version 12.00
# Visual Studio Version 17
VisualStudioVersion = 17.3.32819.101
MinimumVisualStudioVersion = 10.0.40219.1
Project("{2150E333-8FDC-42A3-9474-1A3956D46DE8}") = "Core", "Core", "{FB74C8AE-311C-4F16-9CE5-838F6CC73359}"
EndProject
Project("{2150E333-8FDC-42A3-9474-1A3956D46DE8}") = "Infrastructure", "Infrastructure", "{389B4C65-31D2-47DC-8149-11D52B287936}"
EndProject
Project("{2150E333-8FDC-42A3-9474-1A3956D46DE8}") = "Apresentation", "Apresentation", "{8AC8BDAA-D4EF-4C8B-B564-D2B0D45DE7CE}"
EndProject
Project("{FAE04EC0-301F-11D3-BF4B-00C04F79EFBC}") = "NetCore6-Mediator-CleanArch.Application", "NetCore6-Mediator-CleanArch.Application\NetCore6-Mediator-CleanArch.Application.csproj", "{C9C43CD5-4598-433B-8495-C4049F01AD2D}"
EndProject
Project("{FAE04EC0-301F-11D3-BF4B-00C04F79EFBC}") = "NetCore6-Mediator-CleanArch.Domain", "NetCore6-Mediator-CleanArch.Domain\NetCore6-Mediator-CleanArch.Domain.csproj", "{16FBD073-8A9A-4DD2-80BA-1EC4775DDFF1}"
EndProject
Project("{FAE04EC0-301F-11D3-BF4B-00C04F79EFBC}") = "NetCore6-Mediator-CleanArch.Infra.Data", "NetCore6-Mediator-CleanArch.Infra.Data\NetCore6-Mediator-CleanArch.Infra.Data.csproj", "{65FFE979-1E8A-4EA1-A156-1A1500A2E549}"
EndProject
Project("{FAE04EC0-301F-11D3-BF4B-00C04F79EFBC}") = "NetCore6-Mediator-CleanArch.Infra.IoC", "NetCore6-Mediator-CleanArch.Infra.IoC\NetCore6-Mediator-CleanArch.Infra.IoC.csproj", "{855ACD99-0ABD-4EA2-8092-DB4F627D3CC4}"
EndProject
Project("{FAE04EC0-301F-11D3-BF4B-00C04F79EFBC}") = "NetCore6-Mediator-CleanArch.WebUI", "NetCore6-Mediator-CleanArch.WebUI\NetCore6-Mediator-CleanArch.WebUI.csproj", "{7337BE5F-E83F-42FD-B34D-0322C8337269}"
EndProject
Project("{FAE04EC0-301F-11D3-BF4B-00C04F79EFBC}") = "NetCore6-Mediator-CleanArch.API", "NetCore6-Mediator-CleanArch.API\NetCore6-Mediator-CleanArch.API.csproj", "{62A45346-EE6E-4B28-9940-DBF5F0FC115D}"
EndProject
Project("{FAE04EC0-301F-11D3-BF4B-00C04F79EFBC}") = "NetCore6-Mediator-CleanArch.Domain.Tests", "NetCore6-Mediator-CleanArch.Domain.Tests\NetCore6-Mediator-CleanArch.Domain.Tests.csproj", "{2556815B-52C1-48FF-B43D-375F6292D876}"
EndProject
Global
	GlobalSection(SolutionConfigurationPlatforms) = preSolution
		Debug|Any CPU = Debug|Any CPU
		Release|Any CPU = Release|Any CPU
	EndGlobalSection
	GlobalSection(ProjectConfigurationPlatforms) = postSolution
		{C9C43CD5-4598-433B-8495-C4049F01AD2D}.Debug|Any CPU.ActiveCfg = Debug|Any CPU
		{C9C43CD5-4598-433B-8495-C4049F01AD2D}.Debug|Any CPU.Build.0 = Debug|Any CPU
		{C9C43CD5-4598-433B-8495-C4049F01AD2D}.Release|Any CPU.ActiveCfg = Release|Any CPU
		{C9C43CD5-4598-433B-8495-C4049F01AD2D}.Release|Any CPU.Build.0 = Release|Any CPU
		{16FBD073-8A9A-4DD2-80BA-1EC4775DDFF1}.Debug|Any CPU.ActiveCfg = Debug|Any CPU
		{16FBD073-8A9A-4DD2-80BA-1EC4775DDFF1}.Debug|Any CPU.Build.0 = Debug|Any CPU
		{16FBD073-8A9A-4DD2-80BA-1EC4775DDFF1}.Release|Any CPU.ActiveCfg = Release|Any CPU
		{16FBD073-8A9A-4DD2-80BA-1EC4775DDFF1}.Release|Any CPU.Build.0 = Release|Any CPU
		{65FFE979-1E8A-4EA1-A156-1A1500A2E549}.Debug|Any CPU.ActiveCfg = Debug|Any CPU
		{65FFE979-1E8A-4EA1-A156-1A1500A2E549}.Debug|Any CPU.Build.0 = Debug|Any CPU
		{65FFE979-1E8A-4EA1-A156-1A1500A2E549}.Release|Any CPU.ActiveCfg = Release|Any CPU
		{65FFE979-1E8A-4EA1-A156-1A1500A2E549}.Release|Any CPU.Build.0 = Release|Any CPU
		{855ACD99-0ABD-4EA2-8092-DB4F627D3CC4}.Debug|Any CPU.ActiveCfg = Debug|Any CPU
		{855ACD99-0ABD-4EA2-8092-DB4F627D3CC4}.Debug|Any CPU.Build.0 = Debug|Any CPU
		{855ACD99-0ABD-4EA2-8092-DB4F627D3CC4}.Release|Any CPU.ActiveCfg = Release|Any CPU
		{855ACD99-0ABD-4EA2-8092-DB4F627D3CC4}.Release|Any CPU.Build.0 = Release|Any CPU
		{7337BE5F-E83F-42FD-B34D-0322C8337269}.Debug|Any CPU.ActiveCfg = Debug|Any CPU
		{7337BE5F-E83F-42FD-B34D-0322C8337269}.Debug|Any CPU.Build.0 = Debug|Any CPU
		{7337BE5F-E83F-42FD-B34D-0322C8337269}.Release|Any CPU.ActiveCfg = Release|Any CPU
		{7337BE5F-E83F-42FD-B34D-0322C8337269}.Release|Any CPU.Build.0 = Release|Any CPU
		{62A45346-EE6E-4B28-9940-DBF5F0FC115D}.Debug|Any CPU.ActiveCfg = Debug|Any CPU
		{62A45346-EE6E-4B28-9940-DBF5F0FC115D}.Debug|Any CPU.Build.0 = Debug|Any CPU
		{62A45346-EE6E-4B28-9940-DBF5F0FC115D}.Release|Any CPU.ActiveCfg = Release|Any CPU
		{62A45346-EE6E-4B28-9940-DBF5F0FC115D}.Release|Any CPU.Build.0 = Release|Any CPU
		{2556815B-52C1-48FF-B43D-375F6292D876}.Debug|Any CPU.ActiveCfg = Debug|Any CPU
		{2556815B-52C1-48FF-B43D-375F6292D876}.Debug|Any CPU.Build.0 = Debug|Any CPU
		{2556815B-52C1-48FF-B43D-375F6292D876}.Release|Any CPU.ActiveCfg = Release|Any CPU
		{2556815B-52C1-48FF-B43D-375F6292D876}.Release|Any CPU.Build.0 = Release|Any CPU
	EndGlobalSection
	GlobalSection(SolutionProperties) = preSolution
		HideSolutionNode = FALSE
	EndGlobalSection
	GlobalSection(NestedProjects) = preSolution
		{C9C43CD5-4598-433B-8495-C4049F01AD2D} = {FB74C8AE-311C-4F16-9CE5-838F6CC73359}
		{16FBD073-8A9A-4DD2-80BA-1EC4775DDFF1} = {FB74C8AE-311C-4F16-9CE5-838F6CC73359}
		{65FFE979-1E8A-4EA1-A156-1A1500A2E549} = {389B4C65-31D2-47DC-8149-11D52B287936}
		{855ACD99-0ABD-4EA2-8092-DB4F627D3CC4} = {389B4C65-31D2-47DC-8149-11D52B287936}
		{7337BE5F-E83F-42FD-B34D-0322C8337269} = {8AC8BDAA-D4EF-4C8B-B564-D2B0D45DE7CE}
		{62A45346-EE6E-4B28-9940-DBF5F0FC115D} = {8AC8BDAA-D4EF-4C8B-B564-D2B0D45DE7CE}
		{2556815B-52C1-48FF-B43D-375F6292D876} = {FB74C8AE-311C-4F16-9CE5-838F6CC73359}
	EndGlobalSection
	GlobalSection(ExtensibilityGlobals) = postSolution
		SolutionGuid = {C6B1BB62-7973-4245-968E-3BC0D690F0D0}
	EndGlobalSection
EndGlobal
